PODS:
  - DZLabel (1.3.10)
  - SnapKit (4.2.0)

DEPENDENCIES:
  - DZLabel (from `../`)
  - SnapKit

SPEC REPOS:
  https://github.com/CocoaPods/Specs.git:
    - SnapKit

EXTERNAL SOURCES:
  DZLabel:
    :path: "../"

SPEC CHECKSUMS:
  DZLabel: 677aac73d851b4145f74bfb66844184ad92b4034
  SnapKit: fe8a619752f3f27075cc9a90244d75c6c3f27e2a

PODFILE CHECKSUM: 4e66488fc1758889929f2fc6ace674dc624361c5

COCOAPODS: 1.8.3
