PODS:
  - DZLabel (1.1.4)
  - SnapKit (4.2.0)

DEPENDENCIES:
  - DZLabel (from `../`)
  - SnapKit

SPEC REPOS:
  https://github.com/cocoapods/specs.git:
    - SnapKit

EXTERNAL SOURCES:
  DZLabel:
    :path: "../"

SPEC CHECKSUMS:
  DZLabel: d6649cdbc2eaea5ccefa2af9fb2df9492009f0e7
  SnapKit: fe8a619752f3f27075cc9a90244d75c6c3f27e2a

PODFILE CHECKSUM: ceb618cb92a20bad5b5308a435f2be3ba5c3f879

COCOAPODS: 1.5.3
